
Microsoft Visual Studio Solution File, Format Version 12.00
Project("{FAE04EC0-301F-11D3-BF4B-00C04F79EFBC}") = "StringEquality", "StringEquality.csproj", "{1928F006-08A2-4718-A345-2C949C332C52}"
EndProject
Global
	GlobalSection(SolutionConfigurationPlatforms) = preSolution
		Debug|Any CPU = Debug|Any CPU
		Release|Any CPU = Release|Any CPU
	EndGlobalSection
	GlobalSection(ProjectConfigurationPlatforms) = postSolution
		{1928F006-08A2-4718-A345-2C949C332C52}.Debug|Any CPU.ActiveCfg = Debug|Any CPU
		{1928F006-08A2-4718-A345-2C949C332C52}.Debug|Any CPU.Build.0 = Debug|Any CPU
		{1928F006-08A2-4718-A345-2C949C332C52}.Release|Any CPU.ActiveCfg = Release|Any CPU
		{1928F006-08A2-4718-A345-2C949C332C52}.Release|Any CPU.Build.0 = Release|Any CPU
	EndGlobalSection
EndGlobal
