
Microsoft Visual Studio Solution File, Format Version 12.00
Project("{FAE04EC0-301F-11D3-BF4B-00C04F79EFBC}") = "ImmutableStrings", "ImmutableStrings\ImmutableStrings.csproj", "{8F208BB6-CA22-4336-B14C-02F4DB9C08E3}"
EndProject
Global
	GlobalSection(SolutionConfigurationPlatforms) = preSolution
		Debug|Any CPU = Debug|Any CPU
		Release|Any CPU = Release|Any CPU
	EndGlobalSection
	GlobalSection(ProjectConfigurationPlatforms) = postSolution
		{8F208BB6-CA22-4336-B14C-02F4DB9C08E3}.Debug|Any CPU.ActiveCfg = Debug|Any CPU
		{8F208BB6-CA22-4336-B14C-02F4DB9C08E3}.Debug|Any CPU.Build.0 = Debug|Any CPU
		{8F208BB6-CA22-4336-B14C-02F4DB9C08E3}.Release|Any CPU.ActiveCfg = Release|Any CPU
		{8F208BB6-CA22-4336-B14C-02F4DB9C08E3}.Release|Any CPU.Build.0 = Release|Any CPU
	EndGlobalSection
EndGlobal
